Microsoft Visual Studio Solution File, Format Version 12.00
# Visual Studio Version 17
VisualStudioVersion = 17.5.2.0
MinimumVisualStudioVersion = 10.0.40219.1
Project("{2150E333-8FDC-42A3-9474-1A3956D46DE8}") = "dotnet", "dotnet", "{71E6E750-85FD-B5BC-4321-E01377EC6231}"
EndProject
Project("{FAE04EC0-301F-11D3-BF4B-00C04F79EFBC}") = "Jobrator.E2E.Tests", "dotnet\Jobrator.E2E.Tests.csproj", "{4B286C87-437B-22CD-E692-C30604F70727}"
EndProject
Global
	GlobalSection(SolutionConfigurationPlatforms) = preSolution
		Debug|Any CPU = Debug|Any CPU
		Release|Any CPU = Release|Any CPU
	EndGlobalSection
	GlobalSection(ProjectConfigurationPlatforms) = postSolution
		{4B286C87-437B-22CD-E692-C30604F70727}.Debug|Any CPU.ActiveCfg = Debug|Any CPU
		{4B286C87-437B-22CD-E692-C30604F70727}.Debug|Any CPU.Build.0 = Debug|Any CPU
		{4B286C87-437B-22CD-E692-C30604F70727}.Release|Any CPU.ActiveCfg = Release|Any CPU
		{4B286C87-437B-22CD-E692-C30604F70727}.Release|Any CPU.Build.0 = Release|Any CPU
	EndGlobalSection
	GlobalSection(SolutionProperties) = preSolution
		HideSolutionNode = FALSE
	EndGlobalSection
	GlobalSection(NestedProjects) = preSolution
		{4B286C87-437B-22CD-E692-C30604F70727} = {71E6E750-85FD-B5BC-4321-E01377EC6231}
	EndGlobalSection
	GlobalSection(ExtensibilityGlobals) = postSolution
		SolutionGuid = {94A04B98-2D47-4E87-AD1E-FBEA2155C2D1}
	EndGlobalSection
EndGlobal
